{
  "name": "pleaseWorkKaplay",
  "lockfileVersion": 3,
  "requires": true,
  "packages": {
    "": {
      "dependencies": {
        "kaplay": "^3001.0.18"
      }
    },
    "node_modules/kaplay": {
      "version": "3001.0.18",
      "resolved": "https://registry.npmjs.org/kaplay/-/kaplay-3001.0.18.tgz",
      "integrity": "sha512-OjyyRBc7M0ekcHTT8EXD65K88NYuVA5kNH6NAlP2U7sXuVK5XJUWhGpvDM34SCA7+6T1jGh9OqXb30tSweM5Ow==",
      "license": "MIT",
      "engines": {
        "node": ">=20.0.0"
      },
      "funding": {
        "type": "opencollective",
        "url": "https://opencollective.com/kaplay"
      }
    }
  }
}
